
Microsoft Visual Studio Solution File, Format Version 12.00
# Visual Studio Version 17
VisualStudioVersion = 17.12.35521.163
MinimumVisualStudioVersion = 10.0.40219.1
Project("{FAE04EC0-301F-11D3-BF4B-00C04F79EFBC}") = "AdventOfCode2024.Day1", "AdventOfCode2024.Day1\AdventOfCode2024.Day1.csproj", "{AFC3F0EB-7F23-4C7F-8B6A-5CCB71ADB9E2}"
EndProject
Project("{FAE04EC0-301F-11D3-BF4B-00C04F79EFBC}") = "AdventOfCode2024.Day2", "AdventOfCode2024.Day2\AdventOfCode2024.Day2.csproj", "{8742D26C-0017-4D82-86A6-C2227B6D6012}"
EndProject
Project("{FAE04EC0-301F-11D3-BF4B-00C04F79EFBC}") = "AdventOfCode2024.Day3", "AdventOfCode2024.Day3\AdventOfCode2024.Day3.csproj", "{BEEB98DC-33F6-4093-88A1-D70ABDC7BF97}"
EndProject
Project("{FAE04EC0-301F-11D3-BF4B-00C04F79EFBC}") = "AdventOfCode2024.Day4", "AdventOfCode2024.Day4\AdventOfCode2024.Day4.csproj", "{5CB43BD9-2431-467E-B8D2-65604D8115E4}"
EndProject
Project("{FAE04EC0-301F-11D3-BF4B-00C04F79EFBC}") = "AdventOfCode2024.Day5", "AdventOfCode2024.Day5\AdventOfCode2024.Day5.csproj", "{1649CBF2-A4BF-4ED3-B572-ADCC0E1C98FC}"
EndProject
Global
	GlobalSection(SolutionConfigurationPlatforms) = preSolution
		Debug|Any CPU = Debug|Any CPU
		Release|Any CPU = Release|Any CPU
	EndGlobalSection
	GlobalSection(ProjectConfigurationPlatforms) = postSolution
		{AFC3F0EB-7F23-4C7F-8B6A-5CCB71ADB9E2}.Debug|Any CPU.ActiveCfg = Debug|Any CPU
		{AFC3F0EB-7F23-4C7F-8B6A-5CCB71ADB9E2}.Debug|Any CPU.Build.0 = Debug|Any CPU
		{AFC3F0EB-7F23-4C7F-8B6A-5CCB71ADB9E2}.Release|Any CPU.ActiveCfg = Release|Any CPU
		{AFC3F0EB-7F23-4C7F-8B6A-5CCB71ADB9E2}.Release|Any CPU.Build.0 = Release|Any CPU
		{8742D26C-0017-4D82-86A6-C2227B6D6012}.Debug|Any CPU.ActiveCfg = Debug|Any CPU
		{8742D26C-0017-4D82-86A6-C2227B6D6012}.Debug|Any CPU.Build.0 = Debug|Any CPU
		{8742D26C-0017-4D82-86A6-C2227B6D6012}.Release|Any CPU.ActiveCfg = Release|Any CPU
		{8742D26C-0017-4D82-86A6-C2227B6D6012}.Release|Any CPU.Build.0 = Release|Any CPU
		{BEEB98DC-33F6-4093-88A1-D70ABDC7BF97}.Debug|Any CPU.ActiveCfg = Debug|Any CPU
		{BEEB98DC-33F6-4093-88A1-D70ABDC7BF97}.Debug|Any CPU.Build.0 = Debug|Any CPU
		{BEEB98DC-33F6-4093-88A1-D70ABDC7BF97}.Release|Any CPU.ActiveCfg = Release|Any CPU
		{BEEB98DC-33F6-4093-88A1-D70ABDC7BF97}.Release|Any CPU.Build.0 = Release|Any CPU
		{5CB43BD9-2431-467E-B8D2-65604D8115E4}.Debug|Any CPU.ActiveCfg = Debug|Any CPU
		{5CB43BD9-2431-467E-B8D2-65604D8115E4}.Debug|Any CPU.Build.0 = Debug|Any CPU
		{5CB43BD9-2431-467E-B8D2-65604D8115E4}.Release|Any CPU.ActiveCfg = Release|Any CPU
		{5CB43BD9-2431-467E-B8D2-65604D8115E4}.Release|Any CPU.Build.0 = Release|Any CPU
		{1649CBF2-A4BF-4ED3-B572-ADCC0E1C98FC}.Debug|Any CPU.ActiveCfg = Debug|Any CPU
		{1649CBF2-A4BF-4ED3-B572-ADCC0E1C98FC}.Debug|Any CPU.Build.0 = Debug|Any CPU
		{1649CBF2-A4BF-4ED3-B572-ADCC0E1C98FC}.Release|Any CPU.ActiveCfg = Release|Any CPU
		{1649CBF2-A4BF-4ED3-B572-ADCC0E1C98FC}.Release|Any CPU.Build.0 = Release|Any CPU
	EndGlobalSection
	GlobalSection(SolutionProperties) = preSolution
		HideSolutionNode = FALSE
	EndGlobalSection
EndGlobal
